
Microsoft Visual Studio Solution File, Format Version 12.00
# Visual Studio Version 17
VisualStudioVersion = 17.0.32014.148
MinimumVisualStudioVersion = 10.0.40219.1
Project("{FAE04EC0-301F-11D3-BF4B-00C04F79EFBC}") = "OkayOkayOOP", "2.1\OkayOkayOOP.csproj", "{3457A587-76C5-482C-B082-7B3D746FA894}"
EndProject
Global
	GlobalSection(SolutionConfigurationPlatforms) = preSolution
		Debug|Any CPU = Debug|Any CPU
		Release|Any CPU = Release|Any CPU
	EndGlobalSection
	GlobalSection(ProjectConfigurationPlatforms) = postSolution
		{3457A587-76C5-482C-B082-7B3D746FA894}.Debug|Any CPU.ActiveCfg = Debug|Any CPU
		{3457A587-76C5-482C-B082-7B3D746FA894}.Debug|Any CPU.Build.0 = Debug|Any CPU
		{3457A587-76C5-482C-B082-7B3D746FA894}.Release|Any CPU.ActiveCfg = Release|Any CPU
		{3457A587-76C5-482C-B082-7B3D746FA894}.Release|Any CPU.Build.0 = Release|Any CPU
	EndGlobalSection
	GlobalSection(SolutionProperties) = preSolution
		HideSolutionNode = FALSE
	EndGlobalSection
	GlobalSection(ExtensibilityGlobals) = postSolution
		SolutionGuid = {106A6374-EA50-4097-9FE9-0746031BE11C}
	EndGlobalSection
EndGlobal
