
Microsoft Visual Studio Solution File, Format Version 12.00
# Visual Studio Version 17
VisualStudioVersion = 17.0.32014.148
MinimumVisualStudioVersion = 10.0.40219.1
Project("{FAE04EC0-301F-11D3-BF4B-00C04F79EFBC}") = "Game", "2.2\Game.csproj", "{C8A4D74E-9DED-4162-ACB9-503C5B9BD512}"
EndProject
Global
	GlobalSection(SolutionConfigurationPlatforms) = preSolution
		Debug|Any CPU = Debug|Any CPU
		Release|Any CPU = Release|Any CPU
	EndGlobalSection
	GlobalSection(ProjectConfigurationPlatforms) = postSolution
		{C8A4D74E-9DED-4162-ACB9-503C5B9BD512}.Debug|Any CPU.ActiveCfg = Debug|Any CPU
		{C8A4D74E-9DED-4162-ACB9-503C5B9BD512}.Debug|Any CPU.Build.0 = Debug|Any CPU
		{C8A4D74E-9DED-4162-ACB9-503C5B9BD512}.Release|Any CPU.ActiveCfg = Release|Any CPU
		{C8A4D74E-9DED-4162-ACB9-503C5B9BD512}.Release|Any CPU.Build.0 = Release|Any CPU
	EndGlobalSection
	GlobalSection(SolutionProperties) = preSolution
		HideSolutionNode = FALSE
	EndGlobalSection
	GlobalSection(ExtensibilityGlobals) = postSolution
		SolutionGuid = {4C69B34B-3CB3-4552-A6BF-CE6A3F9819D8}
	EndGlobalSection
EndGlobal
